
Microsoft Visual Studio Solution File, Format Version 12.00
# Visual Studio Version 17
VisualStudioVersion = 17.11.35327.3
MinimumVisualStudioVersion = 10.0.40219.1
Project("{FAE04EC0-301F-11D3-BF4B-00C04F79EFBC}") = "bai2api", "bai2api.csproj", "{84889147-7882-4DFB-815E-49E8F252C0CF}"
EndProject
Global
	GlobalSection(SolutionConfigurationPlatforms) = preSolution
		Debug|Any CPU = Debug|Any CPU
		Release|Any CPU = Release|Any CPU
	EndGlobalSection
	GlobalSection(ProjectConfigurationPlatforms) = postSolution
		{84889147-7882-4DFB-815E-49E8F252C0CF}.Debug|Any CPU.ActiveCfg = Debug|Any CPU
		{84889147-7882-4DFB-815E-49E8F252C0CF}.Debug|Any CPU.Build.0 = Debug|Any CPU
		{84889147-7882-4DFB-815E-49E8F252C0CF}.Release|Any CPU.ActiveCfg = Release|Any CPU
		{84889147-7882-4DFB-815E-49E8F252C0CF}.Release|Any CPU.Build.0 = Release|Any CPU
	EndGlobalSection
	GlobalSection(SolutionProperties) = preSolution
		HideSolutionNode = FALSE
	EndGlobalSection
	GlobalSection(ExtensibilityGlobals) = postSolution
		SolutionGuid = {2F23E302-B205-4DC9-802E-5D4639DB3BF0}
	EndGlobalSection
EndGlobal
